
Microsoft Visual Studio Solution File, Format Version 12.00
# Visual Studio Version 17
VisualStudioVersion = 17.9.34701.34
MinimumVisualStudioVersion = 10.0.40219.1
Project("{8BC9CEB8-8B4A-11D0-8D11-00A0C91BC942}") = "main", "main\main.vcxproj", "{F01D838E-F221-415C-865C-18285F0D485A}"
EndProject
Global
	GlobalSection(SolutionConfigurationPlatforms) = preSolution
		Debug|Emscripten = Debug|Emscripten
		Release|Emscripten = Release|Emscripten
	EndGlobalSection
	GlobalSection(ProjectConfigurationPlatforms) = postSolution
		{F01D838E-F221-415C-865C-18285F0D485A}.Debug|Emscripten.ActiveCfg = Debug|Emscripten
		{F01D838E-F221-415C-865C-18285F0D485A}.Debug|Emscripten.Build.0 = Debug|Emscripten
		{F01D838E-F221-415C-865C-18285F0D485A}.Release|Emscripten.ActiveCfg = Release|Emscripten
		{F01D838E-F221-415C-865C-18285F0D485A}.Release|Emscripten.Build.0 = Release|Emscripten
	EndGlobalSection
	GlobalSection(SolutionProperties) = preSolution
		HideSolutionNode = FALSE
	EndGlobalSection
	GlobalSection(ExtensibilityGlobals) = postSolution
		SolutionGuid = {B03C1067-2721-48FC-9F91-B38B6116B655}
	EndGlobalSection
EndGlobal
